
Microsoft Visual Studio Solution File, Format Version 12.00
# Visual Studio Version 17
VisualStudioVersion = 17.9.34723.18
MinimumVisualStudioVersion = 10.0.40219.1
Project("{FAE04EC0-301F-11D3-BF4B-00C04F79EFBC}") = "Drippy-Dropper.API", "Drippy-Dropper.API.csproj", "{0A5864DE-983B-4D92-93B0-B85E2DBC974F}"
EndProject
Global
	GlobalSection(SolutionConfigurationPlatforms) = preSolution
		Debug|Any CPU = Debug|Any CPU
		Release|Any CPU = Release|Any CPU
	EndGlobalSection
	GlobalSection(ProjectConfigurationPlatforms) = postSolution
		{0A5864DE-983B-4D92-93B0-B85E2DBC974F}.Debug|Any CPU.ActiveCfg = Debug|Any CPU
		{0A5864DE-983B-4D92-93B0-B85E2DBC974F}.Debug|Any CPU.Build.0 = Debug|Any CPU
		{0A5864DE-983B-4D92-93B0-B85E2DBC974F}.Release|Any CPU.ActiveCfg = Release|Any CPU
		{0A5864DE-983B-4D92-93B0-B85E2DBC974F}.Release|Any CPU.Build.0 = Release|Any CPU
	EndGlobalSection
	GlobalSection(SolutionProperties) = preSolution
		HideSolutionNode = FALSE
	EndGlobalSection
	GlobalSection(ExtensibilityGlobals) = postSolution
		SolutionGuid = {BD795A44-BE9A-431F-A7CD-5E81EDE27DB9}
	EndGlobalSection
EndGlobal
